PODS:
  - Flutter (1.0.0)
  - healthhub (1.0.1):
    - Flutter

DEPENDENCIES:
  - Flutter (from `Flutter`)
  - healthhub (from `.symlinks/plugins/healthhub/ios`)

EXTERNAL SOURCES:
  Flutter:
    :path: Flutter
  healthhub:
    :path: ".symlinks/plugins/healthhub/ios"

SPEC CHECKSUMS:
  Flutter: 0e3d915762c693b495b44d77113d4970485de6ec
  healthhub: 71b448ae0851894a55d9b023ae6b6fd77668551c

PODFILE CHECKSUM: aafe91acc616949ddb318b77800a7f51bffa2a4c

COCOAPODS: 1.9.0
